
Microsoft Visual Studio Solution File, Format Version 12.00
# Visual Studio Version 17
VisualStudioVersion = 17.0.31903.59
MinimumVisualStudioVersion = 10.0.40219.1
Project("{FAE04EC0-301F-11D3-BF4B-00C04F79EFBC}") = "minimal-api", "API\minimal-api.csproj", "{FFA9D043-94F5-461D-97AD-9E809646D7B7}"
EndProject
Project("{FAE04EC0-301F-11D3-BF4B-00C04F79EFBC}") = "Test", "Test\Test.csproj", "{45756225-E45D-4CEA-8D0E-B7C1490B7D39}"
EndProject
Global
	GlobalSection(SolutionConfigurationPlatforms) = preSolution
		Debug|Any CPU = Debug|Any CPU
		Release|Any CPU = Release|Any CPU
	EndGlobalSection
	GlobalSection(SolutionProperties) = preSolution
		HideSolutionNode = FALSE
	EndGlobalSection
	GlobalSection(ProjectConfigurationPlatforms) = postSolution
		{FFA9D043-94F5-461D-97AD-9E809646D7B7}.Debug|Any CPU.ActiveCfg = Debug|Any CPU
		{FFA9D043-94F5-461D-97AD-9E809646D7B7}.Debug|Any CPU.Build.0 = Debug|Any CPU
		{FFA9D043-94F5-461D-97AD-9E809646D7B7}.Release|Any CPU.ActiveCfg = Release|Any CPU
		{FFA9D043-94F5-461D-97AD-9E809646D7B7}.Release|Any CPU.Build.0 = Release|Any CPU
		{45756225-E45D-4CEA-8D0E-B7C1490B7D39}.Debug|Any CPU.ActiveCfg = Debug|Any CPU
		{45756225-E45D-4CEA-8D0E-B7C1490B7D39}.Debug|Any CPU.Build.0 = Debug|Any CPU
		{45756225-E45D-4CEA-8D0E-B7C1490B7D39}.Release|Any CPU.ActiveCfg = Release|Any CPU
		{45756225-E45D-4CEA-8D0E-B7C1490B7D39}.Release|Any CPU.Build.0 = Release|Any CPU
	EndGlobalSection
EndGlobal
